
Microsoft Visual Studio Solution File, Format Version 12.00
# Visual Studio Version 17
VisualStudioVersion = 17.0.31903.59
MinimumVisualStudioVersion = 10.0.40219.1
Project("{2150E333-8FDC-42A3-9474-1A3956D46DE8}") = "src", "src", "{827E0CD3-B72D-47B6-A68D-7590B98EB39B}"
EndProject
Project("{FAE04EC0-301F-11D3-BF4B-00C04F79EFBC}") = "CivicFlow.Domain", "src\CivicFlow.Domain\CivicFlow.Domain.csproj", "{38671AF8-2A32-44D8-AABF-C294D4E83D2C}"
EndProject
Project("{FAE04EC0-301F-11D3-BF4B-00C04F79EFBC}") = "CivicFlow.Application", "src\CivicFlow.Application\CivicFlow.Application.csproj", "{86A4BFF2-85E1-4BC2-907A-62F05907311F}"
EndProject
Project("{FAE04EC0-301F-11D3-BF4B-00C04F79EFBC}") = "CivicFlow.Infrastructure", "src\CivicFlow.Infrastructure\CivicFlow.Infrastructure.csproj", "{D9BA99AD-371B-4FE4-8B62-990146102867}"
EndProject
Project("{FAE04EC0-301F-11D3-BF4B-00C04F79EFBC}") = "CivicFlow.Api", "src\CivicFlow.Api\CivicFlow.Api.csproj", "{D3560D9E-9396-4824-A6E4-3E76C990BD7D}"
EndProject
Project("{2150E333-8FDC-42A3-9474-1A3956D46DE8}") = "tests", "tests", "{0AB3BF05-4346-4AA6-1389-037BE0695223}"
EndProject
Project("{FAE04EC0-301F-11D3-BF4B-00C04F79EFBC}") = "CivicFlow.Tests", "tests\CivicFlow.Tests\CivicFlow.Tests.csproj", "{064EA74B-A0F7-4783-AC81-7176A297BDA1}"
EndProject
Global
	GlobalSection(SolutionConfigurationPlatforms) = preSolution
		Debug|Any CPU = Debug|Any CPU
		Debug|x64 = Debug|x64
		Debug|x86 = Debug|x86
		Release|Any CPU = Release|Any CPU
		Release|x64 = Release|x64
		Release|x86 = Release|x86
	EndGlobalSection
	GlobalSection(ProjectConfigurationPlatforms) = postSolution
		{38671AF8-2A32-44D8-AABF-C294D4E83D2C}.Debug|Any CPU.ActiveCfg = Debug|Any CPU
		{38671AF8-2A32-44D8-AABF-C294D4E83D2C}.Debug|Any CPU.Build.0 = Debug|Any CPU
		{38671AF8-2A32-44D8-AABF-C294D4E83D2C}.Debug|x64.ActiveCfg = Debug|Any CPU
		{38671AF8-2A32-44D8-AABF-C294D4E83D2C}.Debug|x64.Build.0 = Debug|Any CPU
		{38671AF8-2A32-44D8-AABF-C294D4E83D2C}.Debug|x86.ActiveCfg = Debug|Any CPU
		{38671AF8-2A32-44D8-AABF-C294D4E83D2C}.Debug|x86.Build.0 = Debug|Any CPU
		{38671AF8-2A32-44D8-AABF-C294D4E83D2C}.Release|Any CPU.ActiveCfg = Release|Any CPU
		{38671AF8-2A32-44D8-AABF-C294D4E83D2C}.Release|Any CPU.Build.0 = Release|Any CPU
		{38671AF8-2A32-44D8-AABF-C294D4E83D2C}.Release|x64.ActiveCfg = Release|Any CPU
		{38671AF8-2A32-44D8-AABF-C294D4E83D2C}.Release|x64.Build.0 = Release|Any CPU
		{38671AF8-2A32-44D8-AABF-C294D4E83D2C}.Release|x86.ActiveCfg = Release|Any CPU
		{38671AF8-2A32-44D8-AABF-C294D4E83D2C}.Release|x86.Build.0 = Release|Any CPU
		{86A4BFF2-85E1-4BC2-907A-62F05907311F}.Debug|Any CPU.ActiveCfg = Debug|Any CPU
		{86A4BFF2-85E1-4BC2-907A-62F05907311F}.Debug|Any CPU.Build.0 = Debug|Any CPU
		{86A4BFF2-85E1-4BC2-907A-62F05907311F}.Debug|x64.ActiveCfg = Debug|Any CPU
		{86A4BFF2-85E1-4BC2-907A-62F05907311F}.Debug|x64.Build.0 = Debug|Any CPU
		{86A4BFF2-85E1-4BC2-907A-62F05907311F}.Debug|x86.ActiveCfg = Debug|Any CPU
		{86A4BFF2-85E1-4BC2-907A-62F05907311F}.Debug|x86.Build.0 = Debug|Any CPU
		{86A4BFF2-85E1-4BC2-907A-62F05907311F}.Release|Any CPU.ActiveCfg = Release|Any CPU
		{86A4BFF2-85E1-4BC2-907A-62F05907311F}.Release|Any CPU.Build.0 = Release|Any CPU
		{86A4BFF2-85E1-4BC2-907A-62F05907311F}.Release|x64.ActiveCfg = Release|Any CPU
		{86A4BFF2-85E1-4BC2-907A-62F05907311F}.Release|x64.Build.0 = Release|Any CPU
		{86A4BFF2-85E1-4BC2-907A-62F05907311F}.Release|x86.ActiveCfg = Release|Any CPU
		{86A4BFF2-85E1-4BC2-907A-62F05907311F}.Release|x86.Build.0 = Release|Any CPU
		{D9BA99AD-371B-4FE4-8B62-990146102867}.Debug|Any CPU.ActiveCfg = Debug|Any CPU
		{D9BA99AD-371B-4FE4-8B62-990146102867}.Debug|Any CPU.Build.0 = Debug|Any CPU
		{D9BA99AD-371B-4FE4-8B62-990146102867}.Debug|x64.ActiveCfg = Debug|Any CPU
		{D9BA99AD-371B-4FE4-8B62-990146102867}.Debug|x64.Build.0 = Debug|Any CPU
		{D9BA99AD-371B-4FE4-8B62-990146102867}.Debug|x86.ActiveCfg = Debug|Any CPU
		{D9BA99AD-371B-4FE4-8B62-990146102867}.Debug|x86.Build.0 = Debug|Any CPU
		{D9BA99AD-371B-4FE4-8B62-990146102867}.Release|Any CPU.ActiveCfg = Release|Any CPU
		{D9BA99AD-371B-4FE4-8B62-990146102867}.Release|Any CPU.Build.0 = Release|Any CPU
		{D9BA99AD-371B-4FE4-8B62-990146102867}.Release|x64.ActiveCfg = Release|Any CPU
		{D9BA99AD-371B-4FE4-8B62-990146102867}.Release|x64.Build.0 = Release|Any CPU
		{D9BA99AD-371B-4FE4-8B62-990146102867}.Release|x86.ActiveCfg = Release|Any CPU
		{D9BA99AD-371B-4FE4-8B62-990146102867}.Release|x86.Build.0 = Release|Any CPU
		{D3560D9E-9396-4824-A6E4-3E76C990BD7D}.Debug|Any CPU.ActiveCfg = Debug|Any CPU
		{D3560D9E-9396-4824-A6E4-3E76C990BD7D}.Debug|Any CPU.Build.0 = Debug|Any CPU
		{D3560D9E-9396-4824-A6E4-3E76C990BD7D}.Debug|x64.ActiveCfg = Debug|Any CPU
		{D3560D9E-9396-4824-A6E4-3E76C990BD7D}.Debug|x64.Build.0 = Debug|Any CPU
		{D3560D9E-9396-4824-A6E4-3E76C990BD7D}.Debug|x86.ActiveCfg = Debug|Any CPU
		{D3560D9E-9396-4824-A6E4-3E76C990BD7D}.Debug|x86.Build.0 = Debug|Any CPU
		{D3560D9E-9396-4824-A6E4-3E76C990BD7D}.Release|Any CPU.ActiveCfg = Release|Any CPU
		{D3560D9E-9396-4824-A6E4-3E76C990BD7D}.Release|Any CPU.Build.0 = Release|Any CPU
		{D3560D9E-9396-4824-A6E4-3E76C990BD7D}.Release|x64.ActiveCfg = Release|Any CPU
		{D3560D9E-9396-4824-A6E4-3E76C990BD7D}.Release|x64.Build.0 = Release|Any CPU
		{D3560D9E-9396-4824-A6E4-3E76C990BD7D}.Release|x86.ActiveCfg = Release|Any CPU
		{D3560D9E-9396-4824-A6E4-3E76C990BD7D}.Release|x86.Build.0 = Release|Any CPU
		{064EA74B-A0F7-4783-AC81-7176A297BDA1}.Debug|Any CPU.ActiveCfg = Debug|Any CPU
		{064EA74B-A0F7-4783-AC81-7176A297BDA1}.Debug|Any CPU.Build.0 = Debug|Any CPU
		{064EA74B-A0F7-4783-AC81-7176A297BDA1}.Debug|x64.ActiveCfg = Debug|Any CPU
		{064EA74B-A0F7-4783-AC81-7176A297BDA1}.Debug|x64.Build.0 = Debug|Any CPU
		{064EA74B-A0F7-4783-AC81-7176A297BDA1}.Debug|x86.ActiveCfg = Debug|Any CPU
		{064EA74B-A0F7-4783-AC81-7176A297BDA1}.Debug|x86.Build.0 = Debug|Any CPU
		{064EA74B-A0F7-4783-AC81-7176A297BDA1}.Release|Any CPU.ActiveCfg = Release|Any CPU
		{064EA74B-A0F7-4783-AC81-7176A297BDA1}.Release|Any CPU.Build.0 = Release|Any CPU
		{064EA74B-A0F7-4783-AC81-7176A297BDA1}.Release|x64.ActiveCfg = Release|Any CPU
		{064EA74B-A0F7-4783-AC81-7176A297BDA1}.Release|x64.Build.0 = Release|Any CPU
		{064EA74B-A0F7-4783-AC81-7176A297BDA1}.Release|x86.ActiveCfg = Release|Any CPU
		{064EA74B-A0F7-4783-AC81-7176A297BDA1}.Release|x86.Build.0 = Release|Any CPU
	EndGlobalSection
	GlobalSection(SolutionProperties) = preSolution
		HideSolutionNode = FALSE
	EndGlobalSection
	GlobalSection(NestedProjects) = preSolution
		{38671AF8-2A32-44D8-AABF-C294D4E83D2C} = {827E0CD3-B72D-47B6-A68D-7590B98EB39B}
		{86A4BFF2-85E1-4BC2-907A-62F05907311F} = {827E0CD3-B72D-47B6-A68D-7590B98EB39B}
		{D9BA99AD-371B-4FE4-8B62-990146102867} = {827E0CD3-B72D-47B6-A68D-7590B98EB39B}
		{D3560D9E-9396-4824-A6E4-3E76C990BD7D} = {827E0CD3-B72D-47B6-A68D-7590B98EB39B}
		{064EA74B-A0F7-4783-AC81-7176A297BDA1} = {0AB3BF05-4346-4AA6-1389-037BE0695223}
	EndGlobalSection
EndGlobal
